// !$*UTF8*$!
{
	archiveVersion = 1;
	classes = {
	};
	objectVersion = 46;
	objects = {

/* Begin PBXBuildFile section */
		085FA99D1AE13A0700EFD2F0 /* main.m in Sources */ = {isa = PBXBuildFile; fileRef = 085FA99C1AE13A0700EFD2F0 /* main.m */; };
		085FA9A01AE13A0700EFD2F0 /* AppDelegate.m in Sources */ = {isa = PBXBuildFile; fileRef = 085FA99F1AE13A0700EFD2F0 /* AppDelegate.m */; };
		085FA9A81AE13A0700EFD2F0 /* Images.xcassets in Resources */ = {isa = PBXBuildFile; fileRef = 085FA9A71AE13A0700EFD2F0 /* Images.xcassets */; };
		085FA9AB1AE13A0700EFD2F0 /* LaunchScreen.xib in Resources */ = {isa = PBXBuildFile; fileRef = 085FA9A91AE13A0700EFD2F0 /* LaunchScreen.xib */; };
		085FA9B71AE13A0700EFD2F0 /* EleyeTests.m in Sources */ = {isa = PBXBuildFile; fileRef = 085FA9B61AE13A0700EFD2F0 /* EleyeTests.m */; };
		08751F221AE5386900FE17B1 /* Main.storyboard in Resources */ = {isa = PBXBuildFile; fileRef = 08751F211AE5386900FE17B1 /* Main.storyboard */; };
		08D4A11C1AEFB6F2000BAC87 /* EUtility.m in Sources */ = {isa = PBXBuildFile; fileRef = 08D4A0FD1AEFB6F2000BAC87 /* EUtility.m */; };
		08D4A11D1AEFB6F2000BAC87 /* UIView+GeometryAddition.m in Sources */ = {isa = PBXBuildFile; fileRef = 08D4A0FF1AEFB6F2000BAC87 /* UIView+GeometryAddition.m */; };
		08D4A11E1AEFB6F2000BAC87 /* ENoteBookDO.m in Sources */ = {isa = PBXBuildFile; fileRef = 08D4A1021AEFB6F2000BAC87 /* ENoteBookDO.m */; };
		08D4A11F1AEFB6F2000BAC87 /* ENoteDO.m in Sources */ = {isa = PBXBuildFile; fileRef = 08D4A1041AEFB6F2000BAC87 /* ENoteDO.m */; };
		08D4A1201AEFB6F2000BAC87 /* EMenuView.m in Sources */ = {isa = PBXBuildFile; fileRef = 08D4A1071AEFB6F2000BAC87 /* EMenuView.m */; };
		08D4A1211AEFB6F2000BAC87 /* ENotebookCell.m in Sources */ = {isa = PBXBuildFile; fileRef = 08D4A1091AEFB6F2000BAC87 /* ENotebookCell.m */; };
		08D4A1221AEFB6F2000BAC87 /* ENotebookStackView.m in Sources */ = {isa = PBXBuildFile; fileRef = 08D4A10B1AEFB6F2000BAC87 /* ENotebookStackView.m */; };
		08D4A1231AEFB6F2000BAC87 /* ENoteCell.m in Sources */ = {isa = PBXBuildFile; fileRef = 08D4A10D1AEFB6F2000BAC87 /* ENoteCell.m */; };
		08D4A1241AEFB6F2000BAC87 /* ETextView.m in Sources */ = {isa = PBXBuildFile; fileRef = 08D4A10F1AEFB6F2000BAC87 /* ETextView.m */; };
		08D4A1251AEFB6F2000BAC87 /* View.xib in Resources */ = {isa = PBXBuildFile; fileRef = 08D4A1101AEFB6F2000BAC87 /* View.xib */; };
		08D4A1261AEFB6F2000BAC87 /* EAllNoteBooksViewController.m in Sources */ = {isa = PBXBuildFile; fileRef = 08D4A1131AEFB6F2000BAC87 /* EAllNoteBooksViewController.m */; };
		08D4A1271AEFB6F2000BAC87 /* EAllNotesViewController.m in Sources */ = {isa = PBXBuildFile; fileRef = 08D4A1151AEFB6F2000BAC87 /* EAllNotesViewController.m */; };
		08D4A1281AEFB6F2000BAC87 /* ELaunchViewController.m in Sources */ = {isa = PBXBuildFile; fileRef = 08D4A1171AEFB6F2000BAC87 /* ELaunchViewController.m */; };
		08D4A12A1AEFB6F2000BAC87 /* ENoteDetailViewController.m in Sources */ = {isa = PBXBuildFile; fileRef = 08D4A11B1AEFB6F2000BAC87 /* ENoteDetailViewController.m */; };
		08DEAF5D1B00EAA10029A7B5 /* ERootViewController.m in Sources */ = {isa = PBXBuildFile; fileRef = 08DEAF5C1B00EAA10029A7B5 /* ERootViewController.m */; };
		08E289AC1AFA57FF000C0CB9 /* ELoginView.m in Sources */ = {isa = PBXBuildFile; fileRef = 08E289AB1AFA57FF000C0CB9 /* ELoginView.m */; };
		08E289AF1AFA58E4000C0CB9 /* EGuideViewController.m in Sources */ = {isa = PBXBuildFile; fileRef = 08E289AE1AFA58E4000C0CB9 /* EGuideViewController.m */; };
		183C5DE91AF8B37D00ED224C /* MenuView.xib in Resources */ = {isa = PBXBuildFile; fileRef = 183C5DE81AF8B37D00ED224C /* MenuView.xib */; };
		1871B69F1AF0AA970090578E /* ETitleView.m in Sources */ = {isa = PBXBuildFile; fileRef = 1871B69E1AF0AA970090578E /* ETitleView.m */; };
		187FE5171B02E715002829B8 /* MHNavigationController.m in Sources */ = {isa = PBXBuildFile; fileRef = 187FE5151B02E715002829B8 /* MHNavigationController.m */; };
		18D63F491AFB475700094F8C /* editor.html in Resources */ = {isa = PBXBuildFile; fileRef = 18D63EC51AFB475600094F8C /* editor.html */; };
		18D63F961AFB475700094F8C /* CYRLayoutManager.m in Sources */ = {isa = PBXBuildFile; fileRef = 18D63F161AFB475600094F8C /* CYRLayoutManager.m */; };
		18D63F971AFB475700094F8C /* CYRTextStorage.m in Sources */ = {isa = PBXBuildFile; fileRef = 18D63F181AFB475700094F8C /* CYRTextStorage.m */; };
		18D63F981AFB475700094F8C /* CYRTextView.m in Sources */ = {isa = PBXBuildFile; fileRef = 18D63F1A1AFB475700094F8C /* CYRTextView.m */; };
		18D63F991AFB475700094F8C /* CYRToken.m in Sources */ = {isa = PBXBuildFile; fileRef = 18D63F1C1AFB475700094F8C /* CYRToken.m */; };
		18D63F9A1AFB475700094F8C /* HRBrightnessCursor.m in Sources */ = {isa = PBXBuildFile; fileRef = 18D63F1E1AFB475700094F8C /* HRBrightnessCursor.m */; };
		18D63F9B1AFB475700094F8C /* HRCgUtil.m in Sources */ = {isa = PBXBuildFile; fileRef = 18D63F201AFB475700094F8C /* HRCgUtil.m */; };
		18D63F9C1AFB475700094F8C /* HRColorCursor.m in Sources */ = {isa = PBXBuildFile; fileRef = 18D63F221AFB475700094F8C /* HRColorCursor.m */; };
		18D63F9D1AFB475700094F8C /* HRColorPickerView.m in Sources */ = {isa = PBXBuildFile; fileRef = 18D63F251AFB475700094F8C /* HRColorPickerView.m */; };
		18D63F9E1AFB475700094F8C /* HRColorPickerViewController.m in Sources */ = {isa = PBXBuildFile; fileRef = 18D63F271AFB475700094F8C /* HRColorPickerViewController.m */; };
		18D63F9F1AFB475700094F8C /* HRColorUtil.m in Sources */ = {isa = PBXBuildFile; fileRef = 18D63F291AFB475700094F8C /* HRColorUtil.m */; };
		18D63FA11AFB475700094F8C /* ZSSBarButtonItem.m in Sources */ = {isa = PBXBuildFile; fileRef = 18D63F2D1AFB475700094F8C /* ZSSBarButtonItem.m */; };
		18D63FAA1AFB475700094F8C /* ZSSRichTextEditor.js in Resources */ = {isa = PBXBuildFile; fileRef = 18D63F3F1AFB475700094F8C /* ZSSRichTextEditor.js */; };
		18D63FAB1AFB475700094F8C /* ZSSRichTextEditor.m in Sources */ = {isa = PBXBuildFile; fileRef = 18D63F401AFB475700094F8C /* ZSSRichTextEditor.m */; };
		18D63FAD1AFB475700094F8C /* ZSSTextView.m in Sources */ = {isa = PBXBuildFile; fileRef = 18D63F441AFB475700094F8C /* ZSSTextView.m */; };
		18D63FB01AFB496100094F8C /* ENoteViewController.m in Sources */ = {isa = PBXBuildFile; fileRef = 18D63FAF1AFB496100094F8C /* ENoteViewController.m */; };
		18FF6F181AE79B3E000425E4 /* EDBManager.m in Sources */ = {isa = PBXBuildFile; fileRef = 18FF6F171AE79B3E000425E4 /* EDBManager.m */; };
		18FF6F1B1AE79C3C000425E4 /* EBaseDAO.m in Sources */ = {isa = PBXBuildFile; fileRef = 18FF6F1A1AE79C3C000425E4 /* EBaseDAO.m */; };
		18FF6F1E1AE79D8B000425E4 /* ENotebookDAO.m in Sources */ = {isa = PBXBuildFile; fileRef = 18FF6F1D1AE79D8B000425E4 /* ENotebookDAO.m */; };
		18FF6F211AE79DA6000425E4 /* ENoteDAO.m in Sources */ = {isa = PBXBuildFile; fileRef = 18FF6F201AE79DA6000425E4 /* ENoteDAO.m */; };
		1D040437341224869DDCEDFF /* libPods.a in Frameworks */ = {isa = PBXBuildFile; fileRef = 1975340930B8A6096BFC00AA /* libPods.a */; };
/* End PBXBuildFile section */

/* Begin PBXContainerItemProxy section */
		085FA9B11AE13A0700EFD2F0 /* PBXContainerItemProxy */ = {
			isa = PBXContainerItemProxy;
			containerPortal = 085FA98F1AE13A0700EFD2F0 /* Project object */;
			proxyType = 1;
			remoteGlobalIDString = 085FA9961AE13A0700EFD2F0;
			remoteInfo = Eleye;
		};
/* End PBXContainerItemProxy section */

/* Begin PBXFileReference section */
		085FA9971AE13A0700EFD2F0 /* Eleye.app */ = {isa = PBXFileReference; explicitFileType = wrapper.application; includeInIndex = 0; path = Eleye.app; sourceTree = BUILT_PRODUCTS_DIR; };
		085FA99B1AE13A0700EFD2F0 /* Info.plist */ = {isa = PBXFileReference; lastKnownFileType = text.plist.xml; path = Info.plist; sourceTree = "<group>"; };
		085FA99C1AE13A0700EFD2F0 /* main.m */ = {isa = PBXFileReference; lastKnownFileType = sourcecode.c.objc; path = main.m; sourceTree = "<group>"; };
		085FA99E1AE13A0700EFD2F0 /* AppDelegate.h */ = {isa = PBXFileReference; lastKnownFileType = sourcecode.c.h; path = AppDelegate.h; sourceTree = "<group>"; };
		085FA99F1AE13A0700EFD2F0 /* AppDelegate.m */ = {isa = PBXFileReference; lastKnownFileType = sourcecode.c.objc; path = AppDelegate.m; sourceTree = "<group>"; };
		085FA9A71AE13A0700EFD2F0 /* Images.xcassets */ = {isa = PBXFileReference; lastKnownFileType = folder.assetcatalog; path = Images.xcassets; sourceTree = "<group>"; };
		085FA9AA1AE13A0700EFD2F0 /* Base */ = {isa = PBXFileReference; lastKnownFileType = file.xib; name = Base; path = Base.lproj/LaunchScreen.xib; sourceTree = "<group>"; };
		085FA9B01AE13A0700EFD2F0 /* EleyeTests.xctest */ = {isa = PBXFileReference; explicitFileType = wrapper.cfbundle; includeInIndex = 0; path = EleyeTests.xctest; sourceTree = BUILT_PRODUCTS_DIR; };
		085FA9B51AE13A0700EFD2F0 /* Info.plist */ = {isa = PBXFileReference; lastKnownFileType = text.plist.xml; path = Info.plist; sourceTree = "<group>"; };
		085FA9B61AE13A0700EFD2F0 /* EleyeTests.m */ = {isa = PBXFileReference; lastKnownFileType = sourcecode.c.objc; path = EleyeTests.m; sourceTree = "<group>"; };
		08751F131AE524CE00FE17B1 /* Eleye-Prefix.pch */ = {isa = PBXFileReference; fileEncoding = 4; lastKnownFileType = sourcecode.c.h; path = "Eleye-Prefix.pch"; sourceTree = "<group>"; };
		08751F211AE5386900FE17B1 /* Main.storyboard */ = {isa = PBXFileReference; fileEncoding = 4; lastKnownFileType = file.storyboard; path = Main.storyboard; sourceTree = "<group>"; };
		08D4A0FB1AEFB6F2000BAC87 /* COMMONCONSTANT.h */ = {isa = PBXFileReference; fileEncoding = 4; lastKnownFileType = sourcecode.c.h; path = COMMONCONSTANT.h; sourceTree = "<group>"; };
		08D4A0FC1AEFB6F2000BAC87 /* EUtility.h */ = {isa = PBXFileReference; fileEncoding = 4; lastKnownFileType = sourcecode.c.h; path = EUtility.h; sourceTree = "<group>"; };
		08D4A0FD1AEFB6F2000BAC87 /* EUtility.m */ = {isa = PBXFileReference; fileEncoding = 4; lastKnownFileType = sourcecode.c.objc; path = EUtility.m; sourceTree = "<group>"; };
		08D4A0FE1AEFB6F2000BAC87 /* UIView+GeometryAddition.h */ = {isa = PBXFileReference; fileEncoding = 4; lastKnownFileType = sourcecode.c.h; path = "UIView+GeometryAddition.h"; sourceTree = "<group>"; };
		08D4A0FF1AEFB6F2000BAC87 /* UIView+GeometryAddition.m */ = {isa = PBXFileReference; fileEncoding = 4; lastKnownFileType = sourcecode.c.objc; path = "UIView+GeometryAddition.m"; sourceTree = "<group>"; };
		08D4A1011AEFB6F2000BAC87 /* ENoteBookDO.h */ = {isa = PBXFileReference; fileEncoding = 4; lastKnownFileType = sourcecode.c.h; path = ENoteBookDO.h; sourceTree = "<group>"; };
		08D4A1021AEFB6F2000BAC87 /* ENoteBookDO.m */ = {isa = PBXFileReference; fileEncoding = 4; lastKnownFileType = sourcecode.c.objc; path = ENoteBookDO.m; sourceTree = "<group>"; };
		08D4A1031AEFB6F2000BAC87 /* ENoteDO.h */ = {isa = PBXFileReference; fileEncoding = 4; lastKnownFileType = sourcecode.c.h; path = ENoteDO.h; sourceTree = "<group>"; };
		08D4A1041AEFB6F2000BAC87 /* ENoteDO.m */ = {isa = PBXFileReference; fileEncoding = 4; lastKnownFileType = sourcecode.c.objc; path = ENoteDO.m; sourceTree = "<group>"; };
		08D4A1061AEFB6F2000BAC87 /* EMenuView.h */ = {isa = PBXFileReference; fileEncoding = 4; lastKnownFileType = sourcecode.c.h; path = EMenuView.h; sourceTree = "<group>"; };
		08D4A1071AEFB6F2000BAC87 /* EMenuView.m */ = {isa = PBXFileReference; fileEncoding = 4; lastKnownFileType = sourcecode.c.objc; path = EMenuView.m; sourceTree = "<group>"; };
		08D4A1081AEFB6F2000BAC87 /* ENotebookCell.h */ = {isa = PBXFileReference; fileEncoding = 4; lastKnownFileType = sourcecode.c.h; path = ENotebookCell.h; sourceTree = "<group>"; };
		08D4A1091AEFB6F2000BAC87 /* ENotebookCell.m */ = {isa = PBXFileReference; fileEncoding = 4; lastKnownFileType = sourcecode.c.objc; path = ENotebookCell.m; sourceTree = "<group>"; };
		08D4A10A1AEFB6F2000BAC87 /* ENotebookStackView.h */ = {isa = PBXFileReference; fileEncoding = 4; lastKnownFileType = sourcecode.c.h; path = ENotebookStackView.h; sourceTree = "<group>"; };
		08D4A10B1AEFB6F2000BAC87 /* ENotebookStackView.m */ = {isa = PBXFileReference; fileEncoding = 4; lastKnownFileType = sourcecode.c.objc; path = ENotebookStackView.m; sourceTree = "<group>"; };
		08D4A10C1AEFB6F2000BAC87 /* ENoteCell.h */ = {isa = PBXFileReference; fileEncoding = 4; lastKnownFileType = sourcecode.c.h; path = ENoteCell.h; sourceTree = "<group>"; };
		08D4A10D1AEFB6F2000BAC87 /* ENoteCell.m */ = {isa = PBXFileReference; fileEncoding = 4; lastKnownFileType = sourcecode.c.objc; path = ENoteCell.m; sourceTree = "<group>"; };
		08D4A10E1AEFB6F2000BAC87 /* ETextView.h */ = {isa = PBXFileReference; fileEncoding = 4; lastKnownFileType = sourcecode.c.h; path = ETextView.h; sourceTree = "<group>"; };
		08D4A10F1AEFB6F2000BAC87 /* ETextView.m */ = {isa = PBXFileReference; fileEncoding = 4; lastKnownFileType = sourcecode.c.objc; path = ETextView.m; sourceTree = "<group>"; };
		08D4A1101AEFB6F2000BAC87 /* View.xib */ = {isa = PBXFileReference; fileEncoding = 4; lastKnownFileType = file.xib; path = View.xib; sourceTree = "<group>"; };
		08D4A1121AEFB6F2000BAC87 /* EAllNoteBooksViewController.h */ = {isa = PBXFileReference; fileEncoding = 4; lastKnownFileType = sourcecode.c.h; path = EAllNoteBooksViewController.h; sourceTree = "<group>"; };
		08D4A1131AEFB6F2000BAC87 /* EAllNoteBooksViewController.m */ = {isa = PBXFileReference; fileEncoding = 4; lastKnownFileType = sourcecode.c.objc; path = EAllNoteBooksViewController.m; sourceTree = "<group>"; };
		08D4A1141AEFB6F2000BAC87 /* EAllNotesViewController.h */ = {isa = PBXFileReference; fileEncoding = 4; lastKnownFileType = sourcecode.c.h; path = EAllNotesViewController.h; sourceTree = "<group>"; };
		08D4A1151AEFB6F2000BAC87 /* EAllNotesViewController.m */ = {isa = PBXFileReference; fileEncoding = 4; lastKnownFileType = sourcecode.c.objc; path = EAllNotesViewController.m; sourceTree = "<group>"; };
		08D4A1161AEFB6F2000BAC87 /* ELaunchViewController.h */ = {isa = PBXFileReference; fileEncoding = 4; lastKnownFileType = sourcecode.c.h; path = ELaunchViewController.h; sourceTree = "<group>"; };
		08D4A1171AEFB6F2000BAC87 /* ELaunchViewController.m */ = {isa = PBXFileReference; fileEncoding = 4; lastKnownFileType = sourcecode.c.objc; path = ELaunchViewController.m; sourceTree = "<group>"; };
		08D4A11A1AEFB6F2000BAC87 /* ENoteDetailViewController.h */ = {isa = PBXFileReference; fileEncoding = 4; lastKnownFileType = sourcecode.c.h; path = ENoteDetailViewController.h; sourceTree = "<group>"; };
		08D4A11B1AEFB6F2000BAC87 /* ENoteDetailViewController.m */ = {isa = PBXFileReference; fileEncoding = 4; lastKnownFileType = sourcecode.c.objc; path = ENoteDetailViewController.m; sourceTree = "<group>"; };
		08DEAF5B1B00EAA10029A7B5 /* ERootViewController.h */ = {isa = PBXFileReference; fileEncoding = 4; lastKnownFileType = sourcecode.c.h; path = ERootViewController.h; sourceTree = "<group>"; };
		08DEAF5C1B00EAA10029A7B5 /* ERootViewController.m */ = {isa = PBXFileReference; fileEncoding = 4; lastKnownFileType = sourcecode.c.objc; path = ERootViewController.m; sourceTree = "<group>"; };
		08E289AA1AFA57FF000C0CB9 /* ELoginView.h */ = {isa = PBXFileReference; fileEncoding = 4; lastKnownFileType = sourcecode.c.h; path = ELoginView.h; sourceTree = "<group>"; };
		08E289AB1AFA57FF000C0CB9 /* ELoginView.m */ = {isa = PBXFileReference; fileEncoding = 4; lastKnownFileType = sourcecode.c.objc; path = ELoginView.m; sourceTree = "<group>"; };
		08E289AD1AFA58E4000C0CB9 /* EGuideViewController.h */ = {isa = PBXFileReference; fileEncoding = 4; lastKnownFileType = sourcecode.c.h; path = EGuideViewController.h; sourceTree = "<group>"; };
		08E289AE1AFA58E4000C0CB9 /* EGuideViewController.m */ = {isa = PBXFileReference; fileEncoding = 4; lastKnownFileType = sourcecode.c.objc; path = EGuideViewController.m; sourceTree = "<group>"; };
		183C5DE81AF8B37D00ED224C /* MenuView.xib */ = {isa = PBXFileReference; fileEncoding = 4; lastKnownFileType = file.xib; path = MenuView.xib; sourceTree = "<group>"; };
		1871B69B1AEF9A4F0090578E /* CoreGraphics.framework */ = {isa = PBXFileReference; lastKnownFileType = wrapper.framework; name = CoreGraphics.framework; path = System/Library/Frameworks/CoreGraphics.framework; sourceTree = SDKROOT; };
		1871B69D1AF0AA970090578E /* ETitleView.h */ = {isa = PBXFileReference; fileEncoding = 4; lastKnownFileType = sourcecode.c.h; path = ETitleView.h; sourceTree = "<group>"; };
		1871B69E1AF0AA970090578E /* ETitleView.m */ = {isa = PBXFileReference; fileEncoding = 4; lastKnownFileType = sourcecode.c.objc; path = ETitleView.m; sourceTree = "<group>"; };
		187FE5151B02E715002829B8 /* MHNavigationController.m */ = {isa = PBXFileReference; fileEncoding = 4; lastKnownFileType = sourcecode.c.objc; path = MHNavigationController.m; sourceTree = "<group>"; };
		187FE5161B02E715002829B8 /* MHNavigationController.h */ = {isa = PBXFileReference; fileEncoding = 4; lastKnownFileType = sourcecode.c.h; path = MHNavigationController.h; sourceTree = "<group>"; };
		18D63EC51AFB475600094F8C /* editor.html */ = {isa = PBXFileReference; fileEncoding = 4; lastKnownFileType = text.html; path = editor.html; sourceTree = "<group>"; };
		18D63F151AFB475600094F8C /* CYRLayoutManager.h */ = {isa = PBXFileReference; fileEncoding = 4; lastKnownFileType = sourcecode.c.h; path = CYRLayoutManager.h; sourceTree = "<group>"; };
		18D63F161AFB475600094F8C /* CYRLayoutManager.m */ = {isa = PBXFileReference; fileEncoding = 4; lastKnownFileType = sourcecode.c.objc; path = CYRLayoutManager.m; sourceTree = "<group>"; };
		18D63F171AFB475700094F8C /* CYRTextStorage.h */ = {isa = PBXFileReference; fileEncoding = 4; lastKnownFileType = sourcecode.c.h; path = CYRTextStorage.h; sourceTree = "<group>"; };
		18D63F181AFB475700094F8C /* CYRTextStorage.m */ = {isa = PBXFileReference; fileEncoding = 4; lastKnownFileType = sourcecode.c.objc; path = CYRTextStorage.m; sourceTree = "<group>"; };
		18D63F191AFB475700094F8C /* CYRTextView.h */ = {isa = PBXFileReference; fileEncoding = 4; lastKnownFileType = sourcecode.c.h; path = CYRTextView.h; sourceTree = "<group>"; };
		18D63F1A1AFB475700094F8C /* CYRTextView.m */ = {isa = PBXFileReference; fileEncoding = 4; lastKnownFileType = sourcecode.c.objc; path = CYRTextView.m; sourceTree = "<group>"; };
		18D63F1B1AFB475700094F8C /* CYRToken.h */ = {isa = PBXFileReference; fileEncoding = 4; lastKnownFileType = sourcecode.c.h; path = CYRToken.h; sourceTree = "<group>"; };
		18D63F1C1AFB475700094F8C /* CYRToken.m */ = {isa = PBXFileReference; fileEncoding = 4; lastKnownFileType = sourcecode.c.objc; path = CYRToken.m; sourceTree = "<group>"; };
		18D63F1D1AFB475700094F8C /* HRBrightnessCursor.h */ = {isa = PBXFileReference; fileEncoding = 4; lastKnownFileType = sourcecode.c.h; path = HRBrightnessCursor.h; sourceTree = "<group>"; };
		18D63F1E1AFB475700094F8C /* HRBrightnessCursor.m */ = {isa = PBXFileReference; fileEncoding = 4; lastKnownFileType = sourcecode.c.objc; path = HRBrightnessCursor.m; sourceTree = "<group>"; };
		18D63F1F1AFB475700094F8C /* HRCgUtil.h */ = {isa = PBXFileReference; fileEncoding = 4; lastKnownFileType = sourcecode.c.h; path = HRCgUtil.h; sourceTree = "<group>"; };
		18D63F201AFB475700094F8C /* HRCgUtil.m */ = {isa = PBXFileReference; fileEncoding = 4; lastKnownFileType = sourcecode.c.objc; path = HRCgUtil.m; sourceTree = "<group>"; };
		18D63F211AFB475700094F8C /* HRColorCursor.h */ = {isa = PBXFileReference; fileEncoding = 4; lastKnownFileType = sourcecode.c.h; path = HRColorCursor.h; sourceTree = "<group>"; };
		18D63F221AFB475700094F8C /* HRColorCursor.m */ = {isa = PBXFileReference; fileEncoding = 4; lastKnownFileType = sourcecode.c.objc; path = HRColorCursor.m; sourceTree = "<group>"; };
		18D63F231AFB475700094F8C /* HRColorPickerMacros.h */ = {isa = PBXFileReference; fileEncoding = 4; lastKnownFileType = sourcecode.c.h; path = HRColorPickerMacros.h; sourceTree = "<group>"; };
		18D63F241AFB475700094F8C /* HRColorPickerView.h */ = {isa = PBXFileReference; fileEncoding = 4; lastKnownFileType = sourcecode.c.h; path = HRColorPickerView.h; sourceTree = "<group>"; };
		18D63F251AFB475700094F8C /* HRColorPickerView.m */ = {isa = PBXFileReference; fileEncoding = 4; lastKnownFileType = sourcecode.c.objc; path = HRColorPickerView.m; sourceTree = "<group>"; };
		18D63F261AFB475700094F8C /* HRColorPickerViewController.h */ = {isa = PBXFileReference; fileEncoding = 4; lastKnownFileType = sourcecode.c.h; path = HRColorPickerViewController.h; sourceTree = "<group>"; };
		18D63F271AFB475700094F8C /* HRColorPickerViewController.m */ = {isa = PBXFileReference; fileEncoding = 4; lastKnownFileType = sourcecode.c.objc; path = HRColorPickerViewController.m; sourceTree = "<group>"; };
		18D63F281AFB475700094F8C /* HRColorUtil.h */ = {isa = PBXFileReference; fileEncoding = 4; lastKnownFileType = sourcecode.c.h; path = HRColorUtil.h; sourceTree = "<group>"; };
		18D63F291AFB475700094F8C /* HRColorUtil.m */ = {isa = PBXFileReference; fileEncoding = 4; lastKnownFileType = sourcecode.c.objc; path = HRColorUtil.m; sourceTree = "<group>"; };
		18D63F2C1AFB475700094F8C /* ZSSBarButtonItem.h */ = {isa = PBXFileReference; fileEncoding = 4; lastKnownFileType = sourcecode.c.h; path = ZSSBarButtonItem.h; sourceTree = "<group>"; };
		18D63F2D1AFB475700094F8C /* ZSSBarButtonItem.m */ = {isa = PBXFileReference; fileEncoding = 4; lastKnownFileType = sourcecode.c.objc; path = ZSSBarButtonItem.m; sourceTree = "<group>"; };
		18D63F3E1AFB475700094F8C /* ZSSRichTextEditor.h */ = {isa = PBXFileReference; fileEncoding = 4; lastKnownFileType = sourcecode.c.h; path = ZSSRichTextEditor.h; sourceTree = "<group>"; };
		18D63F3F1AFB475700094F8C /* ZSSRichTextEditor.js */ = {isa = PBXFileReference; fileEncoding = 4; lastKnownFileType = sourcecode.javascript; path = ZSSRichTextEditor.js; sourceTree = "<group>"; };
		18D63F401AFB475700094F8C /* ZSSRichTextEditor.m */ = {isa = PBXFileReference; fileEncoding = 4; lastKnownFileType = sourcecode.c.objc; path = ZSSRichTextEditor.m; sourceTree = "<group>"; };
		18D63F431AFB475700094F8C /* ZSSTextView.h */ = {isa = PBXFileReference; fileEncoding = 4; lastKnownFileType = sourcecode.c.h; path = ZSSTextView.h; sourceTree = "<group>"; };
		18D63F441AFB475700094F8C /* ZSSTextView.m */ = {isa = PBXFileReference; fileEncoding = 4; lastKnownFileType = sourcecode.c.objc; path = ZSSTextView.m; sourceTree = "<group>"; };
		18D63FAE1AFB496100094F8C /* ENoteViewController.h */ = {isa = PBXFileReference; fileEncoding = 4; lastKnownFileType = sourcecode.c.h; path = ENoteViewController.h; sourceTree = "<group>"; };
		18D63FAF1AFB496100094F8C /* ENoteViewController.m */ = {isa = PBXFileReference; fileEncoding = 4; lastKnownFileType = sourcecode.c.objc; path = ENoteViewController.m; sourceTree = "<group>"; };
		18FF6F161AE79B3E000425E4 /* EDBManager.h */ = {isa = PBXFileReference; fileEncoding = 4; lastKnownFileType = sourcecode.c.h; path = EDBManager.h; sourceTree = "<group>"; };
		18FF6F171AE79B3E000425E4 /* EDBManager.m */ = {isa = PBXFileReference; fileEncoding = 4; lastKnownFileType = sourcecode.c.objc; path = EDBManager.m; sourceTree = "<group>"; };
		18FF6F191AE79C3C000425E4 /* EBaseDAO.h */ = {isa = PBXFileReference; fileEncoding = 4; lastKnownFileType = sourcecode.c.h; path = EBaseDAO.h; sourceTree = "<group>"; };
		18FF6F1A1AE79C3C000425E4 /* EBaseDAO.m */ = {isa = PBXFileReference; fileEncoding = 4; lastKnownFileType = sourcecode.c.objc; path = EBaseDAO.m; sourceTree = "<group>"; };
		18FF6F1C1AE79D8B000425E4 /* ENotebookDAO.h */ = {isa = PBXFileReference; fileEncoding = 4; lastKnownFileType = sourcecode.c.h; path = ENotebookDAO.h; sourceTree = "<group>"; };
		18FF6F1D1AE79D8B000425E4 /* ENotebookDAO.m */ = {isa = PBXFileReference; fileEncoding = 4; lastKnownFileType = sourcecode.c.objc; path = ENotebookDAO.m; sourceTree = "<group>"; };
		18FF6F1F1AE79DA6000425E4 /* ENoteDAO.h */ = {isa = PBXFileReference; fileEncoding = 4; lastKnownFileType = sourcecode.c.h; path = ENoteDAO.h; sourceTree = "<group>"; };
		18FF6F201AE79DA6000425E4 /* ENoteDAO.m */ = {isa = PBXFileReference; fileEncoding = 4; lastKnownFileType = sourcecode.c.objc; path = ENoteDAO.m; sourceTree = "<group>"; };
		1975340930B8A6096BFC00AA /* libPods.a */ = {isa = PBXFileReference; explicitFileType = archive.ar; includeInIndex = 0; path = libPods.a; sourceTree = BUILT_PRODUCTS_DIR; };
		6F0654875527BCBA8D47BF71 /* Pods.debug.xcconfig */ = {isa = PBXFileReference; includeInIndex = 1; lastKnownFileType = text.xcconfig; name = Pods.debug.xcconfig; path = "Pods/Target Support Files/Pods/Pods.debug.xcconfig"; sourceTree = "<group>"; };
		9F08A71444B99F1BC78B5E4C /* Pods.release.xcconfig */ = {isa = PBXFileReference; includeInIndex = 1; lastKnownFileType = text.xcconfig; name = Pods.release.xcconfig; path = "Pods/Target Support Files/Pods/Pods.release.xcconfig"; sourceTree = "<group>"; };
/* End PBXFileReference section */

/* Begin PBXFrameworksBuildPhase section */
		085FA9941AE13A0700EFD2F0 /* Frameworks */ = {
			isa = PBXFrameworksBuildPhase;
			buildActionMask = 2147483647;
			files = (
				1D040437341224869DDCEDFF /* libPods.a in Frameworks */,
			);
			runOnlyForDeploymentPostprocessing = 0;
		};
		085FA9AD1AE13A0700EFD2F0 /* Frameworks */ = {
			isa = PBXFrameworksBuildPhase;
			buildActionMask = 2147483647;
			files = (
			);
			runOnlyForDeploymentPostprocessing = 0;
		};
/* End PBXFrameworksBuildPhase section */

/* Begin PBXGroup section */
		085FA98E1AE13A0700EFD2F0 = {
			isa = PBXGroup;
			children = (
				085FA9991AE13A0700EFD2F0 /* Eleye */,
				085FA9B31AE13A0700EFD2F0 /* EleyeTests */,
				085FA9981AE13A0700EFD2F0 /* Products */,
				DB868C516EBE1E9E7A2257C3 /* Pods */,
				B43AFE1829EB35E9156CDC20 /* Frameworks */,
			);
			sourceTree = "<group>";
		};
		085FA9981AE13A0700EFD2F0 /* Products */ = {
			isa = PBXGroup;
			children = (
				085FA9971AE13A0700EFD2F0 /* Eleye.app */,
				085FA9B01AE13A0700EFD2F0 /* EleyeTests.xctest */,
			);
			name = Products;
			sourceTree = "<group>";
		};
		085FA9991AE13A0700EFD2F0 /* Eleye */ = {
			isa = PBXGroup;
			children = (
				08D4A0FA1AEFB6F2000BAC87 /* Common */,
				08D4A1001AEFB6F2000BAC87 /* DO */,
				08D4A1051AEFB6F2000BAC87 /* View */,
				08D4A1111AEFB6F2000BAC87 /* ViewController */,
				18FF6F141AE79B01000425E4 /* DAO */,
				08751F211AE5386900FE17B1 /* Main.storyboard */,
				085FA99E1AE13A0700EFD2F0 /* AppDelegate.h */,
				085FA99F1AE13A0700EFD2F0 /* AppDelegate.m */,
				085FA9A71AE13A0700EFD2F0 /* Images.xcassets */,
				085FA9A91AE13A0700EFD2F0 /* LaunchScreen.xib */,
				085FA99A1AE13A0700EFD2F0 /* Supporting Files */,
			);
			path = Eleye;
			sourceTree = "<group>";
		};
		085FA99A1AE13A0700EFD2F0 /* Supporting Files */ = {
			isa = PBXGroup;
			children = (
				08751F131AE524CE00FE17B1 /* Eleye-Prefix.pch */,
				085FA99B1AE13A0700EFD2F0 /* Info.plist */,
				085FA99C1AE13A0700EFD2F0 /* main.m */,
			);
			name = "Supporting Files";
			sourceTree = "<group>";
		};
		085FA9B31AE13A0700EFD2F0 /* EleyeTests */ = {
			isa = PBXGroup;
			children = (
				085FA9B61AE13A0700EFD2F0 /* EleyeTests.m */,
				085FA9B41AE13A0700EFD2F0 /* Supporting Files */,
			);
			path = EleyeTests;
			sourceTree = "<group>";
		};
		085FA9B41AE13A0700EFD2F0 /* Supporting Files */ = {
			isa = PBXGroup;
			children = (
				085FA9B51AE13A0700EFD2F0 /* Info.plist */,
			);
			name = "Supporting Files";
			sourceTree = "<group>";
		};
		08D4A0FA1AEFB6F2000BAC87 /* Common */ = {
			isa = PBXGroup;
			children = (
				187FE5151B02E715002829B8 /* MHNavigationController.m */,
				187FE5161B02E715002829B8 /* MHNavigationController.h */,
				18D63EC01AFB475600094F8C /* ZSSRichTextEditor */,
				08D4A0FB1AEFB6F2000BAC87 /* COMMONCONSTANT.h */,
				08D4A0FC1AEFB6F2000BAC87 /* EUtility.h */,
				08D4A0FD1AEFB6F2000BAC87 /* EUtility.m */,
				08D4A0FE1AEFB6F2000BAC87 /* UIView+GeometryAddition.h */,
				08D4A0FF1AEFB6F2000BAC87 /* UIView+GeometryAddition.m */,
			);
			path = Common;
			sourceTree = "<group>";
		};
		08D4A1001AEFB6F2000BAC87 /* DO */ = {
			isa = PBXGroup;
			children = (
				08D4A1011AEFB6F2000BAC87 /* ENoteBookDO.h */,
				08D4A1021AEFB6F2000BAC87 /* ENoteBookDO.m */,
				08D4A1031AEFB6F2000BAC87 /* ENoteDO.h */,
				08D4A1041AEFB6F2000BAC87 /* ENoteDO.m */,
			);
			path = DO;
			sourceTree = "<group>";
		};
		08D4A1051AEFB6F2000BAC87 /* View */ = {
			isa = PBXGroup;
			children = (
				08D4A1061AEFB6F2000BAC87 /* EMenuView.h */,
				08D4A1071AEFB6F2000BAC87 /* EMenuView.m */,
				08D4A1081AEFB6F2000BAC87 /* ENotebookCell.h */,
				08D4A1091AEFB6F2000BAC87 /* ENotebookCell.m */,
				08D4A10A1AEFB6F2000BAC87 /* ENotebookStackView.h */,
				08D4A10B1AEFB6F2000BAC87 /* ENotebookStackView.m */,
				08D4A10C1AEFB6F2000BAC87 /* ENoteCell.h */,
				08D4A10D1AEFB6F2000BAC87 /* ENoteCell.m */,
				08D4A10E1AEFB6F2000BAC87 /* ETextView.h */,
				08D4A10F1AEFB6F2000BAC87 /* ETextView.m */,
				08D4A1101AEFB6F2000BAC87 /* View.xib */,
				1871B69D1AF0AA970090578E /* ETitleView.h */,
				1871B69E1AF0AA970090578E /* ETitleView.m */,
				183C5DE81AF8B37D00ED224C /* MenuView.xib */,
				08E289AA1AFA57FF000C0CB9 /* ELoginView.h */,
				08E289AB1AFA57FF000C0CB9 /* ELoginView.m */,
			);
			path = View;
			sourceTree = "<group>";
		};
		08D4A1111AEFB6F2000BAC87 /* ViewController */ = {
			isa = PBXGroup;
			children = (
				08D4A1121AEFB6F2000BAC87 /* EAllNoteBooksViewController.h */,
				08D4A1131AEFB6F2000BAC87 /* EAllNoteBooksViewController.m */,
				08D4A1141AEFB6F2000BAC87 /* EAllNotesViewController.h */,
				08D4A1151AEFB6F2000BAC87 /* EAllNotesViewController.m */,
				08D4A1161AEFB6F2000BAC87 /* ELaunchViewController.h */,
				08D4A1171AEFB6F2000BAC87 /* ELaunchViewController.m */,
				08D4A11A1AEFB6F2000BAC87 /* ENoteDetailViewController.h */,
				08D4A11B1AEFB6F2000BAC87 /* ENoteDetailViewController.m */,
				08E289AD1AFA58E4000C0CB9 /* EGuideViewController.h */,
				08E289AE1AFA58E4000C0CB9 /* EGuideViewController.m */,
				18D63FAE1AFB496100094F8C /* ENoteViewController.h */,
				18D63FAF1AFB496100094F8C /* ENoteViewController.m */,
				08DEAF5B1B00EAA10029A7B5 /* ERootViewController.h */,
				08DEAF5C1B00EAA10029A7B5 /* ERootViewController.m */,
			);
			path = ViewController;
			sourceTree = "<group>";
		};
		18D63EC01AFB475600094F8C /* ZSSRichTextEditor */ = {
			isa = PBXGroup;
			children = (
				18D63EC51AFB475600094F8C /* editor.html */,
				18D63F141AFB475600094F8C /* Third Party */,
				18D63F2C1AFB475700094F8C /* ZSSBarButtonItem.h */,
				18D63F2D1AFB475700094F8C /* ZSSBarButtonItem.m */,
				18D63F3E1AFB475700094F8C /* ZSSRichTextEditor.h */,
				18D63F3F1AFB475700094F8C /* ZSSRichTextEditor.js */,
				18D63F401AFB475700094F8C /* ZSSRichTextEditor.m */,
				18D63F431AFB475700094F8C /* ZSSTextView.h */,
				18D63F441AFB475700094F8C /* ZSSTextView.m */,
			);
			path = ZSSRichTextEditor;
			sourceTree = "<group>";
		};
		18D63F141AFB475600094F8C /* Third Party */ = {
			isa = PBXGroup;
			children = (
				18D63F151AFB475600094F8C /* CYRLayoutManager.h */,
				18D63F161AFB475600094F8C /* CYRLayoutManager.m */,
				18D63F171AFB475700094F8C /* CYRTextStorage.h */,
				18D63F181AFB475700094F8C /* CYRTextStorage.m */,
				18D63F191AFB475700094F8C /* CYRTextView.h */,
				18D63F1A1AFB475700094F8C /* CYRTextView.m */,
				18D63F1B1AFB475700094F8C /* CYRToken.h */,
				18D63F1C1AFB475700094F8C /* CYRToken.m */,
				18D63F1D1AFB475700094F8C /* HRBrightnessCursor.h */,
				18D63F1E1AFB475700094F8C /* HRBrightnessCursor.m */,
				18D63F1F1AFB475700094F8C /* HRCgUtil.h */,
				18D63F201AFB475700094F8C /* HRCgUtil.m */,
				18D63F211AFB475700094F8C /* HRColorCursor.h */,
				18D63F221AFB475700094F8C /* HRColorCursor.m */,
				18D63F231AFB475700094F8C /* HRColorPickerMacros.h */,
				18D63F241AFB475700094F8C /* HRColorPickerView.h */,
				18D63F251AFB475700094F8C /* HRColorPickerView.m */,
				18D63F261AFB475700094F8C /* HRColorPickerViewController.h */,
				18D63F271AFB475700094F8C /* HRColorPickerViewController.m */,
				18D63F281AFB475700094F8C /* HRColorUtil.h */,
				18D63F291AFB475700094F8C /* HRColorUtil.m */,
			);
			path = "Third Party";
			sourceTree = "<group>";
		};
		18FF6F141AE79B01000425E4 /* DAO */ = {
			isa = PBXGroup;
			children = (
				18FF6F161AE79B3E000425E4 /* EDBManager.h */,
				18FF6F171AE79B3E000425E4 /* EDBManager.m */,
				18FF6F191AE79C3C000425E4 /* EBaseDAO.h */,
				18FF6F1A1AE79C3C000425E4 /* EBaseDAO.m */,
				18FF6F1C1AE79D8B000425E4 /* ENotebookDAO.h */,
				18FF6F1D1AE79D8B000425E4 /* ENotebookDAO.m */,
				18FF6F1F1AE79DA6000425E4 /* ENoteDAO.h */,
				18FF6F201AE79DA6000425E4 /* ENoteDAO.m */,
			);
			path = DAO;
			sourceTree = "<group>";
		};
		B43AFE1829EB35E9156CDC20 /* Frameworks */ = {
			isa = PBXGroup;
			children = (
				1871B69B1AEF9A4F0090578E /* CoreGraphics.framework */,
				1975340930B8A6096BFC00AA /* libPods.a */,
			);
			name = Frameworks;
			sourceTree = "<group>";
		};
		DB868C516EBE1E9E7A2257C3 /* Pods */ = {
			isa = PBXGroup;
			children = (
				6F0654875527BCBA8D47BF71 /* Pods.debug.xcconfig */,
				9F08A71444B99F1BC78B5E4C /* Pods.release.xcconfig */,
			);
			name = Pods;
			sourceTree = "<group>";
		};
/* End PBXGroup section */

/* Begin PBXNativeTarget section */
		085FA9961AE13A0700EFD2F0 /* Eleye */ = {
			isa = PBXNativeTarget;
			buildConfigurationList = 085FA9BA1AE13A0700EFD2F0 /* Build configuration list for PBXNativeTarget "Eleye" */;
			buildPhases = (
				B588BC36AA32320E4D345F8D /* Check Pods Manifest.lock */,
				085FA9931AE13A0700EFD2F0 /* Sources */,
				085FA9941AE13A0700EFD2F0 /* Frameworks */,
				085FA9951AE13A0700EFD2F0 /* Resources */,
				A54592A6389C5DE3A4D1CB3A /* Copy Pods Resources */,
			);
			buildRules = (
			);
			dependencies = (
			);
			name = Eleye;
			productName = Eleye;
			productReference = 085FA9971AE13A0700EFD2F0 /* Eleye.app */;
			productType = "com.apple.product-type.application";
		};
		085FA9AF1AE13A0700EFD2F0 /* EleyeTests */ = {
			isa = PBXNativeTarget;
			buildConfigurationList = 085FA9BD1AE13A0700EFD2F0 /* Build configuration list for PBXNativeTarget "EleyeTests" */;
			buildPhases = (
				085FA9AC1AE13A0700EFD2F0 /* Sources */,
				085FA9AD1AE13A0700EFD2F0 /* Frameworks */,
				085FA9AE1AE13A0700EFD2F0 /* Resources */,
			);
			buildRules = (
			);
			dependencies = (
				085FA9B21AE13A0700EFD2F0 /* PBXTargetDependency */,
			);
			name = EleyeTests;
			productName = EleyeTests;
			productReference = 085FA9B01AE13A0700EFD2F0 /* EleyeTests.xctest */;
			productType = "com.apple.product-type.bundle.unit-test";
		};
/* End PBXNativeTarget section */

/* Begin PBXProject section */
		085FA98F1AE13A0700EFD2F0 /* Project object */ = {
			isa = PBXProject;
			attributes = {
				CLASSPREFIX = E;
				LastUpgradeCheck = 0610;
				ORGANIZATIONNAME = wheelab;
				TargetAttributes = {
					085FA9961AE13A0700EFD2F0 = {
						CreatedOnToolsVersion = 6.1;
						DevelopmentTeam = 8YE95NG7ZZ;
					};
					085FA9AF1AE13A0700EFD2F0 = {
						CreatedOnToolsVersion = 6.1;
						TestTargetID = 085FA9961AE13A0700EFD2F0;
					};
				};
			};
			buildConfigurationList = 085FA9921AE13A0700EFD2F0 /* Build configuration list for PBXProject "Eleye" */;
			compatibilityVersion = "Xcode 3.2";
			developmentRegion = English;
			hasScannedForEncodings = 0;
			knownRegions = (
				en,
				Base,
			);
			mainGroup = 085FA98E1AE13A0700EFD2F0;
			productRefGroup = 085FA9981AE13A0700EFD2F0 /* Products */;
			projectDirPath = "";
			projectRoot = "";
			targets = (
				085FA9961AE13A0700EFD2F0 /* Eleye */,
				085FA9AF1AE13A0700EFD2F0 /* EleyeTests */,
			);
		};
/* End PBXProject section */

/* Begin PBXResourcesBuildPhase section */
		085FA9951AE13A0700EFD2F0 /* Resources */ = {
			isa = PBXResourcesBuildPhase;
			buildActionMask = 2147483647;
			files = (
				08D4A1251AEFB6F2000BAC87 /* View.xib in Resources */,
				18D63FAA1AFB475700094F8C /* ZSSRichTextEditor.js in Resources */,
				18D63F491AFB475700094F8C /* editor.html in Resources */,
				08751F221AE5386900FE17B1 /* Main.storyboard in Resources */,
				183C5DE91AF8B37D00ED224C /* MenuView.xib in Resources */,
				085FA9AB1AE13A0700EFD2F0 /* LaunchScreen.xib in Resources */,
				085FA9A81AE13A0700EFD2F0 /* Images.xcassets in Resources */,
			);
			runOnlyForDeploymentPostprocessing = 0;
		};
		085FA9AE1AE13A0700EFD2F0 /* Resources */ = {
			isa = PBXResourcesBuildPhase;
			buildActionMask = 2147483647;
			files = (
			);
			runOnlyForDeploymentPostprocessing = 0;
		};
/* End PBXResourcesBuildPhase section */

/* Begin PBXShellScriptBuildPhase section */
		A54592A6389C5DE3A4D1CB3A /* Copy Pods Resources */ = {
			isa = PBXShellScriptBuildPhase;
			buildActionMask = 2147483647;
			files = (
			);
			inputPaths = (
			);
			name = "Copy Pods Resources";
			outputPaths = (
			);
			runOnlyForDeploymentPostprocessing = 0;
			shellPath = /bin/sh;
			shellScript = "\"${SRCROOT}/Pods/Target Support Files/Pods/Pods-resources.sh\"\n";
			showEnvVarsInLog = 0;
		};
		B588BC36AA32320E4D345F8D /* Check Pods Manifest.lock */ = {
			isa = PBXShellScriptBuildPhase;
			buildActionMask = 2147483647;
			files = (
			);
			inputPaths = (
			);
			name = "Check Pods Manifest.lock";
			outputPaths = (
			);
			runOnlyForDeploymentPostprocessing = 0;
			shellPath = /bin/sh;
			shellScript = "diff \"${PODS_ROOT}/../Podfile.lock\" \"${PODS_ROOT}/Manifest.lock\" > /dev/null\nif [[ $? != 0 ]] ; then\n    cat << EOM\nerror: The sandbox is not in sync with the Podfile.lock. Run 'pod install' or update your CocoaPods installation.\nEOM\n    exit 1\nfi\n";
			showEnvVarsInLog = 0;
		};
/* End PBXShellScriptBuildPhase section */

/* Begin PBXSourcesBuildPhase section */
		085FA9931AE13A0700EFD2F0 /* Sources */ = {
			isa = PBXSourcesBuildPhase;
			buildActionMask = 2147483647;
			files = (
				18D63F9D1AFB475700094F8C /* HRColorPickerView.m in Sources */,
				08D4A1211AEFB6F2000BAC87 /* ENotebookCell.m in Sources */,
				187FE5171B02E715002829B8 /* MHNavigationController.m in Sources */,
				08D4A11D1AEFB6F2000BAC87 /* UIView+GeometryAddition.m in Sources */,
				08D4A11C1AEFB6F2000BAC87 /* EUtility.m in Sources */,
				08D4A12A1AEFB6F2000BAC87 /* ENoteDetailViewController.m in Sources */,
				18FF6F1B1AE79C3C000425E4 /* EBaseDAO.m in Sources */,
				18D63FAD1AFB475700094F8C /* ZSSTextView.m in Sources */,
				18FF6F211AE79DA6000425E4 /* ENoteDAO.m in Sources */,
				08E289AF1AFA58E4000C0CB9 /* EGuideViewController.m in Sources */,
				1871B69F1AF0AA970090578E /* ETitleView.m in Sources */,
				085FA9A01AE13A0700EFD2F0 /* AppDelegate.m in Sources */,
				08DEAF5D1B00EAA10029A7B5 /* ERootViewController.m in Sources */,
				18D63F9B1AFB475700094F8C /* HRCgUtil.m in Sources */,
				18D63F971AFB475700094F8C /* CYRTextStorage.m in Sources */,
				08E289AC1AFA57FF000C0CB9 /* ELoginView.m in Sources */,
				18D63F9F1AFB475700094F8C /* HRColorUtil.m in Sources */,
				08D4A1201AEFB6F2000BAC87 /* EMenuView.m in Sources */,
				08D4A1271AEFB6F2000BAC87 /* EAllNotesViewController.m in Sources */,
				18FF6F1E1AE79D8B000425E4 /* ENotebookDAO.m in Sources */,
				18D63F981AFB475700094F8C /* CYRTextView.m in Sources */,
				08D4A1221AEFB6F2000BAC87 /* ENotebookStackView.m in Sources */,
				08D4A1261AEFB6F2000BAC87 /* EAllNoteBooksViewController.m in Sources */,
				08D4A1281AEFB6F2000BAC87 /* ELaunchViewController.m in Sources */,
				18D63F9C1AFB475700094F8C /* HRColorCursor.m in Sources */,
				18D63F9E1AFB475700094F8C /* HRColorPickerViewController.m in Sources */,
				08D4A1241AEFB6F2000BAC87 /* ETextView.m in Sources */,
				18D63FA11AFB475700094F8C /* ZSSBarButtonItem.m in Sources */,
				18D63FAB1AFB475700094F8C /* ZSSRichTextEditor.m in Sources */,
				18D63FB01AFB496100094F8C /* ENoteViewController.m in Sources */,
				08D4A11F1AEFB6F2000BAC87 /* ENoteDO.m in Sources */,
				18D63F9A1AFB475700094F8C /* HRBrightnessCursor.m in Sources */,
				18FF6F181AE79B3E000425E4 /* EDBManager.m in Sources */,
				08D4A11E1AEFB6F2000BAC87 /* ENoteBookDO.m in Sources */,
				18D63F961AFB475700094F8C /* CYRLayoutManager.m in Sources */,
				18D63F991AFB475700094F8C /* CYRToken.m in Sources */,
				085FA99D1AE13A0700EFD2F0 /* main.m in Sources */,
				08D4A1231AEFB6F2000BAC87 /* ENoteCell.m in Sources */,
			);
			runOnlyForDeploymentPostprocessing = 0;
		};
		085FA9AC1AE13A0700EFD2F0 /* Sources */ = {
			isa = PBXSourcesBuildPhase;
			buildActionMask = 2147483647;
			files = (
				085FA9B71AE13A0700EFD2F0 /* EleyeTests.m in Sources */,
			);
			runOnlyForDeploymentPostprocessing = 0;
		};
/* End PBXSourcesBuildPhase section */

/* Begin PBXTargetDependency section */
		085FA9B21AE13A0700EFD2F0 /* PBXTargetDependency */ = {
			isa = PBXTargetDependency;
			target = 085FA9961AE13A0700EFD2F0 /* Eleye */;
			targetProxy = 085FA9B11AE13A0700EFD2F0 /* PBXContainerItemProxy */;
		};
/* End PBXTargetDependency section */

/* Begin PBXVariantGroup section */
		085FA9A91AE13A0700EFD2F0 /* LaunchScreen.xib */ = {
			isa = PBXVariantGroup;
			children = (
				085FA9AA1AE13A0700EFD2F0 /* Base */,
			);
			name = LaunchScreen.xib;
			sourceTree = "<group>";
		};
/* End PBXVariantGroup section */

/* Begin XCBuildConfiguration section */
		085FA9B81AE13A0700EFD2F0 /* Debug */ = {
			isa = XCBuildConfiguration;
			buildSettings = {
				ALWAYS_SEARCH_USER_PATHS = NO;
				CLANG_CXX_LANGUAGE_STANDARD = "gnu++0x";
				CLANG_CXX_LIBRARY = "libc++";
				CLANG_ENABLE_MODULES = YES;
				CLANG_ENABLE_OBJC_ARC = YES;
				CLANG_WARN_BOOL_CONVERSION = YES;
				CLANG_WARN_CONSTANT_CONVERSION = YES;
				CLANG_WARN_DIRECT_OBJC_ISA_USAGE = YES_ERROR;
				CLANG_WARN_EMPTY_BODY = YES;
				CLANG_WARN_ENUM_CONVERSION = YES;
				CLANG_WARN_INT_CONVERSION = YES;
				CLANG_WARN_OBJC_ROOT_CLASS = YES_ERROR;
				CLANG_WARN_UNREACHABLE_CODE = YES;
				CLANG_WARN__DUPLICATE_METHOD_MATCH = YES;
				"CODE_SIGN_IDENTITY[sdk=iphoneos*]" = "iPhone Developer";
				COPY_PHASE_STRIP = NO;
				ENABLE_STRICT_OBJC_MSGSEND = YES;
				GCC_C_LANGUAGE_STANDARD = gnu99;
				GCC_DYNAMIC_NO_PIC = NO;
				GCC_OPTIMIZATION_LEVEL = 0;
				GCC_PREPROCESSOR_DEFINITIONS = (
					"DEBUG=1",
					"$(inherited)",
				);
				GCC_SYMBOLS_PRIVATE_EXTERN = NO;
				GCC_WARN_64_TO_32_BIT_CONVERSION = YES;
				GCC_WARN_ABOUT_RETURN_TYPE = YES_ERROR;
				GCC_WARN_UNDECLARED_SELECTOR = YES;
				GCC_WARN_UNINITIALIZED_AUTOS = YES_AGGRESSIVE;
				GCC_WARN_UNUSED_FUNCTION = YES;
				GCC_WARN_UNUSED_VARIABLE = YES;
				IPHONEOS_DEPLOYMENT_TARGET = 8.1;
				MTL_ENABLE_DEBUG_INFO = YES;
				ONLY_ACTIVE_ARCH = YES;
				SDKROOT = iphoneos;
				TARGETED_DEVICE_FAMILY = "1,2";
			};
			name = Debug;
		};
		085FA9B91AE13A0700EFD2F0 /* Release */ = {
			isa = XCBuildConfiguration;
			buildSettings = {
				ALWAYS_SEARCH_USER_PATHS = NO;
				CLANG_CXX_LANGUAGE_STANDARD = "gnu++0x";
				CLANG_CXX_LIBRARY = "libc++";
				CLANG_ENABLE_MODULES = YES;
				CLANG_ENABLE_OBJC_ARC = YES;
				CLANG_WARN_BOOL_CONVERSION = YES;
				CLANG_WARN_CONSTANT_CONVERSION = YES;
				CLANG_WARN_DIRECT_OBJC_ISA_USAGE = YES_ERROR;
				CLANG_WARN_EMPTY_BODY = YES;
				CLANG_WARN_ENUM_CONVERSION = YES;
				CLANG_WARN_INT_CONVERSION = YES;
				CLANG_WARN_OBJC_ROOT_CLASS = YES_ERROR;
				CLANG_WARN_UNREACHABLE_CODE = YES;
				CLANG_WARN__DUPLICATE_METHOD_MATCH = YES;
				"CODE_SIGN_IDENTITY[sdk=iphoneos*]" = "iPhone Developer";
				COPY_PHASE_STRIP = YES;
				ENABLE_NS_ASSERTIONS = NO;
				ENABLE_STRICT_OBJC_MSGSEND = YES;
				GCC_C_LANGUAGE_STANDARD = gnu99;
				GCC_WARN_64_TO_32_BIT_CONVERSION = YES;
				GCC_WARN_ABOUT_RETURN_TYPE = YES_ERROR;
				GCC_WARN_UNDECLARED_SELECTOR = YES;
				GCC_WARN_UNINITIALIZED_AUTOS = YES_AGGRESSIVE;
				GCC_WARN_UNUSED_FUNCTION = YES;
				GCC_WARN_UNUSED_VARIABLE = YES;
				IPHONEOS_DEPLOYMENT_TARGET = 8.1;
				MTL_ENABLE_DEBUG_INFO = NO;
				SDKROOT = iphoneos;
				TARGETED_DEVICE_FAMILY = "1,2";
				VALIDATE_PRODUCT = YES;
			};
			name = Release;
		};
		085FA9BB1AE13A0700EFD2F0 /* Debug */ = {
			isa = XCBuildConfiguration;
			baseConfigurationReference = 6F0654875527BCBA8D47BF71 /* Pods.debug.xcconfig */;
			buildSettings = {
				ASSETCATALOG_COMPILER_APPICON_NAME = AppIcon;
				CODE_SIGN_IDENTITY = "iPhone Developer";
				GCC_PRECOMPILE_PREFIX_HEADER = YES;
				GCC_PREFIX_HEADER = "Eleye/Eleye-Prefix.pch";
				INFOPLIST_FILE = Eleye/Info.plist;
				IPHONEOS_DEPLOYMENT_TARGET = 7.0;
				LD_RUNPATH_SEARCH_PATHS = "$(inherited) @executable_path/Frameworks";
				PRODUCT_NAME = "$(TARGET_NAME)";
				TARGETED_DEVICE_FAMILY = 1;
			};
			name = Debug;
		};
		085FA9BC1AE13A0700EFD2F0 /* Release */ = {
			isa = XCBuildConfiguration;
			baseConfigurationReference = 9F08A71444B99F1BC78B5E4C /* Pods.release.xcconfig */;
			buildSettings = {
				ASSETCATALOG_COMPILER_APPICON_NAME = AppIcon;
				CODE_SIGN_IDENTITY = "iPhone Developer";
				GCC_PRECOMPILE_PREFIX_HEADER = YES;
				GCC_PREFIX_HEADER = "Eleye/Eleye-Prefix.pch";
				INFOPLIST_FILE = Eleye/Info.plist;
				IPHONEOS_DEPLOYMENT_TARGET = 7.0;
				LD_RUNPATH_SEARCH_PATHS = "$(inherited) @executable_path/Frameworks";
				PRODUCT_NAME = "$(TARGET_NAME)";
				TARGETED_DEVICE_FAMILY = 1;
			};
			name = Release;
		};
		085FA9BE1AE13A0700EFD2F0 /* Debug */ = {
			isa = XCBuildConfiguration;
			buildSettings = {
				BUNDLE_LOADER = "$(TEST_HOST)";
				FRAMEWORK_SEARCH_PATHS = (
					"$(SDKROOT)/Developer/Library/Frameworks",
					"$(inherited)",
				);
				GCC_PREPROCESSOR_DEFINITIONS = (
					"DEBUG=1",
					"$(inherited)",
				);
				INFOPLIST_FILE = EleyeTests/Info.plist;
				LD_RUNPATH_SEARCH_PATHS = "$(inherited) @executable_path/Frameworks @loader_path/Frameworks";
				PRODUCT_NAME = "$(TARGET_NAME)";
				TEST_HOST = "$(BUILT_PRODUCTS_DIR)/Eleye.app/Eleye";
			};
			name = Debug;
		};
		085FA9BF1AE13A0700EFD2F0 /* Release */ = {
			isa = XCBuildConfiguration;
			buildSettings = {
				BUNDLE_LOADER = "$(TEST_HOST)";
				FRAMEWORK_SEARCH_PATHS = (
					"$(SDKROOT)/Developer/Library/Frameworks",
					"$(inherited)",
				);
				INFOPLIST_FILE = EleyeTests/Info.plist;
				LD_RUNPATH_SEARCH_PATHS = "$(inherited) @executable_path/Frameworks @loader_path/Frameworks";
				PRODUCT_NAME = "$(TARGET_NAME)";
				TEST_HOST = "$(BUILT_PRODUCTS_DIR)/Eleye.app/Eleye";
			};
			name = Release;
		};
/* End XCBuildConfiguration section */

/* Begin XCConfigurationList section */
		085FA9921AE13A0700EFD2F0 /* Build configuration list for PBXProject "Eleye" */ = {
			isa = XCConfigurationList;
			buildConfigurations = (
				085FA9B81AE13A0700EFD2F0 /* Debug */,
				085FA9B91AE13A0700EFD2F0 /* Release */,
			);
			defaultConfigurationIsVisible = 0;
			defaultConfigurationName = Release;
		};
		085FA9BA1AE13A0700EFD2F0 /* Build configuration list for PBXNativeTarget "Eleye" */ = {
			isa = XCConfigurationList;
			buildConfigurations = (
				085FA9BB1AE13A0700EFD2F0 /* Debug */,
				085FA9BC1AE13A0700EFD2F0 /* Release */,
			);
			defaultConfigurationIsVisible = 0;
			defaultConfigurationName = Release;
		};
		085FA9BD1AE13A0700EFD2F0 /* Build configuration list for PBXNativeTarget "EleyeTests" */ = {
			isa = XCConfigurationList;
			buildConfigurations = (
				085FA9BE1AE13A0700EFD2F0 /* Debug */,
				085FA9BF1AE13A0700EFD2F0 /* Release */,
			);
			defaultConfigurationIsVisible = 0;
			defaultConfigurationName = Release;
		};
/* End XCConfigurationList section */
	};
	rootObject = 085FA98F1AE13A0700EFD2F0 /* Project object */;
}
